
Microsoft Visual Studio Solution File, Format Version 12.00
# Visual Studio 14
VisualStudioVersion = 14.0.25420.1
MinimumVisualStudioVersion = 10.0.40219.1
Project("{FAE04EC0-301F-11D3-BF4B-00C04F79EFBC}") = "niljstest", "niljstest\niljstest.csproj", "{F67E7464-16A5-4E7E-AF6C-08B11540836D}"
EndProject
Project("{FAE04EC0-301F-11D3-BF4B-00C04F79EFBC}") = "v8nettest", "v8nettest\v8nettest.csproj", "{86500D7C-E088-4655-A502-BDF22AA6C2CD}"
EndProject
Project("{FAE04EC0-301F-11D3-BF4B-00C04F79EFBC}") = "NiL.JS", "niljstest\niljs\NiL.JS\NiL.JS.csproj", "{F703D739-BCFA-4515-A963-C95651CB1EC4}"
EndProject
Global
	GlobalSection(SolutionConfigurationPlatforms) = preSolution
		Debug|Any CPU = Debug|Any CPU
		Debug|x64 = Debug|x64
		Debug|x86 = Debug|x86
		Developer Release|Any CPU = Developer Release|Any CPU
		Developer Release|x64 = Developer Release|x64
		Developer Release|x86 = Developer Release|x86
		Not optimized Release|Any CPU = Not optimized Release|Any CPU
		Not optimized Release|x64 = Not optimized Release|x64
		Not optimized Release|x86 = Not optimized Release|x86
		Release|Any CPU = Release|Any CPU
		Release|x64 = Release|x64
		Release|x86 = Release|x86
	EndGlobalSection
	GlobalSection(ProjectConfigurationPlatforms) = postSolution
		{F67E7464-16A5-4E7E-AF6C-08B11540836D}.Debug|Any CPU.ActiveCfg = Debug|Any CPU
		{F67E7464-16A5-4E7E-AF6C-08B11540836D}.Debug|Any CPU.Build.0 = Debug|Any CPU
		{F67E7464-16A5-4E7E-AF6C-08B11540836D}.Debug|x64.ActiveCfg = Debug|Any CPU
		{F67E7464-16A5-4E7E-AF6C-08B11540836D}.Debug|x64.Build.0 = Debug|Any CPU
		{F67E7464-16A5-4E7E-AF6C-08B11540836D}.Debug|x86.ActiveCfg = Debug|Any CPU
		{F67E7464-16A5-4E7E-AF6C-08B11540836D}.Debug|x86.Build.0 = Debug|Any CPU
		{F67E7464-16A5-4E7E-AF6C-08B11540836D}.Developer Release|Any CPU.ActiveCfg = Release|Any CPU
		{F67E7464-16A5-4E7E-AF6C-08B11540836D}.Developer Release|Any CPU.Build.0 = Release|Any CPU
		{F67E7464-16A5-4E7E-AF6C-08B11540836D}.Developer Release|x64.ActiveCfg = Release|Any CPU
		{F67E7464-16A5-4E7E-AF6C-08B11540836D}.Developer Release|x64.Build.0 = Release|Any CPU
		{F67E7464-16A5-4E7E-AF6C-08B11540836D}.Developer Release|x86.ActiveCfg = Release|Any CPU
		{F67E7464-16A5-4E7E-AF6C-08B11540836D}.Developer Release|x86.Build.0 = Release|Any CPU
		{F67E7464-16A5-4E7E-AF6C-08B11540836D}.Not optimized Release|Any CPU.ActiveCfg = Release|Any CPU
		{F67E7464-16A5-4E7E-AF6C-08B11540836D}.Not optimized Release|Any CPU.Build.0 = Release|Any CPU
		{F67E7464-16A5-4E7E-AF6C-08B11540836D}.Not optimized Release|x64.ActiveCfg = Release|Any CPU
		{F67E7464-16A5-4E7E-AF6C-08B11540836D}.Not optimized Release|x64.Build.0 = Release|Any CPU
		{F67E7464-16A5-4E7E-AF6C-08B11540836D}.Not optimized Release|x86.ActiveCfg = Release|Any CPU
		{F67E7464-16A5-4E7E-AF6C-08B11540836D}.Not optimized Release|x86.Build.0 = Release|Any CPU
		{F67E7464-16A5-4E7E-AF6C-08B11540836D}.Release|Any CPU.ActiveCfg = Release|Any CPU
		{F67E7464-16A5-4E7E-AF6C-08B11540836D}.Release|Any CPU.Build.0 = Release|Any CPU
		{F67E7464-16A5-4E7E-AF6C-08B11540836D}.Release|x64.ActiveCfg = Release|Any CPU
		{F67E7464-16A5-4E7E-AF6C-08B11540836D}.Release|x64.Build.0 = Release|Any CPU
		{F67E7464-16A5-4E7E-AF6C-08B11540836D}.Release|x86.ActiveCfg = Release|Any CPU
		{F67E7464-16A5-4E7E-AF6C-08B11540836D}.Release|x86.Build.0 = Release|Any CPU
		{86500D7C-E088-4655-A502-BDF22AA6C2CD}.Debug|Any CPU.ActiveCfg = Debug|Any CPU
		{86500D7C-E088-4655-A502-BDF22AA6C2CD}.Debug|Any CPU.Build.0 = Debug|Any CPU
		{86500D7C-E088-4655-A502-BDF22AA6C2CD}.Debug|x64.ActiveCfg = Debug|Any CPU
		{86500D7C-E088-4655-A502-BDF22AA6C2CD}.Debug|x64.Build.0 = Debug|Any CPU
		{86500D7C-E088-4655-A502-BDF22AA6C2CD}.Debug|x86.ActiveCfg = Debug|Any CPU
		{86500D7C-E088-4655-A502-BDF22AA6C2CD}.Debug|x86.Build.0 = Debug|Any CPU
		{86500D7C-E088-4655-A502-BDF22AA6C2CD}.Developer Release|Any CPU.ActiveCfg = Release|Any CPU
		{86500D7C-E088-4655-A502-BDF22AA6C2CD}.Developer Release|Any CPU.Build.0 = Release|Any CPU
		{86500D7C-E088-4655-A502-BDF22AA6C2CD}.Developer Release|x64.ActiveCfg = Release|Any CPU
		{86500D7C-E088-4655-A502-BDF22AA6C2CD}.Developer Release|x64.Build.0 = Release|Any CPU
		{86500D7C-E088-4655-A502-BDF22AA6C2CD}.Developer Release|x86.ActiveCfg = Release|Any CPU
		{86500D7C-E088-4655-A502-BDF22AA6C2CD}.Developer Release|x86.Build.0 = Release|Any CPU
		{86500D7C-E088-4655-A502-BDF22AA6C2CD}.Not optimized Release|Any CPU.ActiveCfg = Release|Any CPU
		{86500D7C-E088-4655-A502-BDF22AA6C2CD}.Not optimized Release|Any CPU.Build.0 = Release|Any CPU
		{86500D7C-E088-4655-A502-BDF22AA6C2CD}.Not optimized Release|x64.ActiveCfg = Release|Any CPU
		{86500D7C-E088-4655-A502-BDF22AA6C2CD}.Not optimized Release|x64.Build.0 = Release|Any CPU
		{86500D7C-E088-4655-A502-BDF22AA6C2CD}.Not optimized Release|x86.ActiveCfg = Release|Any CPU
		{86500D7C-E088-4655-A502-BDF22AA6C2CD}.Not optimized Release|x86.Build.0 = Release|Any CPU
		{86500D7C-E088-4655-A502-BDF22AA6C2CD}.Release|Any CPU.ActiveCfg = Release|Any CPU
		{86500D7C-E088-4655-A502-BDF22AA6C2CD}.Release|Any CPU.Build.0 = Release|Any CPU
		{86500D7C-E088-4655-A502-BDF22AA6C2CD}.Release|x64.ActiveCfg = Release|Any CPU
		{86500D7C-E088-4655-A502-BDF22AA6C2CD}.Release|x64.Build.0 = Release|Any CPU
		{86500D7C-E088-4655-A502-BDF22AA6C2CD}.Release|x86.ActiveCfg = Release|Any CPU
		{86500D7C-E088-4655-A502-BDF22AA6C2CD}.Release|x86.Build.0 = Release|Any CPU
		{F703D739-BCFA-4515-A963-C95651CB1EC4}.Debug|Any CPU.ActiveCfg = Debug|Any CPU
		{F703D739-BCFA-4515-A963-C95651CB1EC4}.Debug|Any CPU.Build.0 = Debug|Any CPU
		{F703D739-BCFA-4515-A963-C95651CB1EC4}.Debug|x64.ActiveCfg = Debug|x64
		{F703D739-BCFA-4515-A963-C95651CB1EC4}.Debug|x64.Build.0 = Debug|x64
		{F703D739-BCFA-4515-A963-C95651CB1EC4}.Debug|x86.ActiveCfg = Debug|x86
		{F703D739-BCFA-4515-A963-C95651CB1EC4}.Debug|x86.Build.0 = Debug|x86
		{F703D739-BCFA-4515-A963-C95651CB1EC4}.Developer Release|Any CPU.ActiveCfg = Developer Release|Any CPU
		{F703D739-BCFA-4515-A963-C95651CB1EC4}.Developer Release|Any CPU.Build.0 = Developer Release|Any CPU
		{F703D739-BCFA-4515-A963-C95651CB1EC4}.Developer Release|x64.ActiveCfg = Developer Release|x64
		{F703D739-BCFA-4515-A963-C95651CB1EC4}.Developer Release|x64.Build.0 = Developer Release|x64
		{F703D739-BCFA-4515-A963-C95651CB1EC4}.Developer Release|x86.ActiveCfg = Developer Release|x86
		{F703D739-BCFA-4515-A963-C95651CB1EC4}.Developer Release|x86.Build.0 = Developer Release|x86
		{F703D739-BCFA-4515-A963-C95651CB1EC4}.Not optimized Release|Any CPU.ActiveCfg = Not optimized Release|Any CPU
		{F703D739-BCFA-4515-A963-C95651CB1EC4}.Not optimized Release|Any CPU.Build.0 = Not optimized Release|Any CPU
		{F703D739-BCFA-4515-A963-C95651CB1EC4}.Not optimized Release|x64.ActiveCfg = Not optimized Release|x64
		{F703D739-BCFA-4515-A963-C95651CB1EC4}.Not optimized Release|x64.Build.0 = Not optimized Release|x64
		{F703D739-BCFA-4515-A963-C95651CB1EC4}.Not optimized Release|x86.ActiveCfg = Not optimized Release|x86
		{F703D739-BCFA-4515-A963-C95651CB1EC4}.Not optimized Release|x86.Build.0 = Not optimized Release|x86
		{F703D739-BCFA-4515-A963-C95651CB1EC4}.Release|Any CPU.ActiveCfg = Release|Any CPU
		{F703D739-BCFA-4515-A963-C95651CB1EC4}.Release|Any CPU.Build.0 = Release|Any CPU
		{F703D739-BCFA-4515-A963-C95651CB1EC4}.Release|x64.ActiveCfg = Release|x64
		{F703D739-BCFA-4515-A963-C95651CB1EC4}.Release|x64.Build.0 = Release|x64
		{F703D739-BCFA-4515-A963-C95651CB1EC4}.Release|x86.ActiveCfg = Release|x86
		{F703D739-BCFA-4515-A963-C95651CB1EC4}.Release|x86.Build.0 = Release|x86
	EndGlobalSection
	GlobalSection(SolutionProperties) = preSolution
		HideSolutionNode = FALSE
	EndGlobalSection
EndGlobal
